
Microsoft Visual Studio Solution File, Format Version 12.00
# Visual Studio 15
VisualStudioVersion = 15.0.27130.2027
MinimumVisualStudioVersion = 10.0.40219.1
Project("{9A19103F-16F7-4668-BE54-9A1E7A4F7556}") = "HPScanTo", "HPScanTo\HPScanTo.csproj", "{E7ECC9E6-02B4-418A-941E-992F4C6D8B6F}"
EndProject
Project("{9A19103F-16F7-4668-BE54-9A1E7A4F7556}") = "HPScanTo.Tests", "HPScanTo.Tests\HPScanTo.Tests.csproj", "{754243F0-FD06-4A37-A9EB-6DF373DF2168}"
EndProject
Global
	GlobalSection(SolutionConfigurationPlatforms) = preSolution
		Debug|Any CPU = Debug|Any CPU
		Release|Any CPU = Release|Any CPU
	EndGlobalSection
	GlobalSection(ProjectConfigurationPlatforms) = postSolution
		{E7ECC9E6-02B4-418A-941E-992F4C6D8B6F}.Debug|Any CPU.ActiveCfg = Debug|Any CPU
		{E7ECC9E6-02B4-418A-941E-992F4C6D8B6F}.Debug|Any CPU.Build.0 = Debug|Any CPU
		{E7ECC9E6-02B4-418A-941E-992F4C6D8B6F}.Release|Any CPU.ActiveCfg = Release|Any CPU
		{E7ECC9E6-02B4-418A-941E-992F4C6D8B6F}.Release|Any CPU.Build.0 = Release|Any CPU
		{754243F0-FD06-4A37-A9EB-6DF373DF2168}.Debug|Any CPU.ActiveCfg = Debug|Any CPU
		{754243F0-FD06-4A37-A9EB-6DF373DF2168}.Debug|Any CPU.Build.0 = Debug|Any CPU
		{754243F0-FD06-4A37-A9EB-6DF373DF2168}.Release|Any CPU.ActiveCfg = Release|Any CPU
		{754243F0-FD06-4A37-A9EB-6DF373DF2168}.Release|Any CPU.Build.0 = Release|Any CPU
	EndGlobalSection
	GlobalSection(SolutionProperties) = preSolution
		HideSolutionNode = FALSE
	EndGlobalSection
	GlobalSection(ExtensibilityGlobals) = postSolution
		SolutionGuid = {7F3C526E-5B54-4E77-8541-E312B60A405F}
	EndGlobalSection
EndGlobal
